
Microsoft Visual Studio Solution File, Format Version 12.00
# Visual Studio Version 17
VisualStudioVersion = 17.0.31903.59
MinimumVisualStudioVersion = 10.0.40219.1
Project("{2150E333-8FDC-42A3-9474-1A3956D46DE8}") = "src", "src", "{D2A7CBC0-C3E0-49DD-AB95-1BAB48A9327D}"
EndProject
Project("{2150E333-8FDC-42A3-9474-1A3956D46DE8}") = "BuildingBlocks", "BuildingBlocks", "{CAA9C09D-FA22-4E13-B751-685AA4840302}"
EndProject
Project("{FAE04EC0-301F-11D3-BF4B-00C04F79EFBC}") = "LupexWallet.SharedKernel", "src\BuildingBlocks\SharedKernel\LupexWallet.SharedKernel.csproj", "{0BA8993F-A20C-4DB8-A5D0-E59EF136AEA0}"
EndProject
Project("{FAE04EC0-301F-11D3-BF4B-00C04F79EFBC}") = "LupexWallet.BuildingBlocks.Infrastructure", "src\BuildingBlocks\BuildingBlocks.Infrastructure\LupexWallet.BuildingBlocks.Infrastructure.csproj", "{94789283-7873-495D-8DC5-A4394A75E7F0}"
EndProject
Project("{2150E333-8FDC-42A3-9474-1A3956D46DE8}") = "Modules", "Modules", "{72AEA395-1919-4805-9160-A630A7D2BBFB}"
EndProject
Project("{2150E333-8FDC-42A3-9474-1A3956D46DE8}") = "Wallets", "Wallets", "{33D015BF-D7EB-428E-BFA1-67A76083B373}"
EndProject
Project("{FAE04EC0-301F-11D3-BF4B-00C04F79EFBC}") = "LupexWallet.Wallets.Domain", "src\Modules\Wallets\Wallets.Domain\LupexWallet.Wallets.Domain.csproj", "{EA604819-889F-4E5C-AD7C-04FD922E588A}"
EndProject
Project("{FAE04EC0-301F-11D3-BF4B-00C04F79EFBC}") = "LupexWallet.Wallets.Application", "src\Modules\Wallets\Wallets.Application\LupexWallet.Wallets.Application.csproj", "{C9981ABB-5D27-41F8-A01A-FB6B7C70CF0D}"
EndProject
Project("{FAE04EC0-301F-11D3-BF4B-00C04F79EFBC}") = "LupexWallet.Wallets.Infrastructure", "src\Modules\Wallets\Wallets.Infrastructure\LupexWallet.Wallets.Infrastructure.csproj", "{8456C3D8-AA52-4CEB-B2BA-13BB8E7B07E0}"
EndProject
Project("{FAE04EC0-301F-11D3-BF4B-00C04F79EFBC}") = "LupexWallet.Wallets.Api", "src\Modules\Wallets\Wallets.Api\LupexWallet.Wallets.Api.csproj", "{FB87B166-EE63-4DD5-9060-2CE29FC42DE8}"
EndProject
Project("{2150E333-8FDC-42A3-9474-1A3956D46DE8}") = "ReferenceData", "ReferenceData", "{DF1A33ED-476C-4DE5-BC59-77ECCD231BFE}"
EndProject
Project("{FAE04EC0-301F-11D3-BF4B-00C04F79EFBC}") = "LupexWallet.ReferenceData.Domain", "src\Modules\ReferenceData\ReferenceData.Domain\LupexWallet.ReferenceData.Domain.csproj", "{81098512-26E0-4FA3-BAE2-F5EA56443631}"
EndProject
Project("{FAE04EC0-301F-11D3-BF4B-00C04F79EFBC}") = "LupexWallet.ReferenceData.Application", "src\Modules\ReferenceData\ReferenceData.Application\LupexWallet.ReferenceData.Application.csproj", "{AF50B014-0087-426B-B654-019514D26133}"
EndProject
Project("{FAE04EC0-301F-11D3-BF4B-00C04F79EFBC}") = "LupexWallet.ReferenceData.Infrastructure", "src\Modules\ReferenceData\ReferenceData.Infrastructure\LupexWallet.ReferenceData.Infrastructure.csproj", "{0F55D90F-5B79-4418-8BA6-111F0D23EC6D}"
EndProject
Project("{FAE04EC0-301F-11D3-BF4B-00C04F79EFBC}") = "LupexWallet.ReferenceData.Api", "src\Modules\ReferenceData\ReferenceData.Api\LupexWallet.ReferenceData.Api.csproj", "{54A8B8E9-BF43-469F-A990-59E25BCDF45F}"
EndProject
Project("{2150E333-8FDC-42A3-9474-1A3956D46DE8}") = "Operations", "Operations", "{DAE82F8E-B026-4710-ABCE-871C8E86FD6E}"
EndProject
Project("{FAE04EC0-301F-11D3-BF4B-00C04F79EFBC}") = "LupexWallet.Operations.Domain", "src\Modules\Operations\Operations.Domain\LupexWallet.Operations.Domain.csproj", "{9440874F-EF65-4F2C-930A-475EA12FBC76}"
EndProject
Project("{FAE04EC0-301F-11D3-BF4B-00C04F79EFBC}") = "LupexWallet.Operations.Application", "src\Modules\Operations\Operations.Application\LupexWallet.Operations.Application.csproj", "{F203E0BA-0DA9-4140-B387-3E7877646422}"
EndProject
Project("{FAE04EC0-301F-11D3-BF4B-00C04F79EFBC}") = "LupexWallet.Operations.Infrastructure", "src\Modules\Operations\Operations.Infrastructure\LupexWallet.Operations.Infrastructure.csproj", "{EBC511D3-64B5-420D-B856-F1B9A8E30989}"
EndProject
Project("{FAE04EC0-301F-11D3-BF4B-00C04F79EFBC}") = "LupexWallet.Operations.Api", "src\Modules\Operations\Operations.Api\LupexWallet.Operations.Api.csproj", "{0FDCDDAF-4651-44BE-B0F2-2AABFA04B014}"
EndProject
Project("{2150E333-8FDC-42A3-9474-1A3956D46DE8}") = "BalanceHistory", "BalanceHistory", "{1DD14185-4FAE-49C6-85E0-4D6A27E81C62}"
EndProject
Project("{FAE04EC0-301F-11D3-BF4B-00C04F79EFBC}") = "LupexWallet.BalanceHistory.Domain", "src\Modules\BalanceHistory\BalanceHistory.Domain\LupexWallet.BalanceHistory.Domain.csproj", "{569CDA17-6DA4-436E-B010-FE1671EF1655}"
EndProject
Project("{FAE04EC0-301F-11D3-BF4B-00C04F79EFBC}") = "LupexWallet.BalanceHistory.Application", "src\Modules\BalanceHistory\BalanceHistory.Application\LupexWallet.BalanceHistory.Application.csproj", "{79A98005-1208-47B6-8331-DA1241EEECF9}"
EndProject
Project("{FAE04EC0-301F-11D3-BF4B-00C04F79EFBC}") = "LupexWallet.BalanceHistory.Infrastructure", "src\Modules\BalanceHistory\BalanceHistory.Infrastructure\LupexWallet.BalanceHistory.Infrastructure.csproj", "{73BE10DB-E4B8-4826-B090-DBB006785191}"
EndProject
Project("{FAE04EC0-301F-11D3-BF4B-00C04F79EFBC}") = "LupexWallet.BalanceHistory.Api", "src\Modules\BalanceHistory\BalanceHistory.Api\LupexWallet.BalanceHistory.Api.csproj", "{F36E07A6-C8F1-4739-A08E-600D40C621A3}"
EndProject
Project("{2150E333-8FDC-42A3-9474-1A3956D46DE8}") = "ExchangeRates", "ExchangeRates", "{9530C0D1-097E-4D32-BF80-2492EDE2E602}"
EndProject
Project("{FAE04EC0-301F-11D3-BF4B-00C04F79EFBC}") = "LupexWallet.ExchangeRates.Domain", "src\Modules\ExchangeRates\ExchangeRates.Domain\LupexWallet.ExchangeRates.Domain.csproj", "{62E75720-BAC7-4E82-9972-D1799DDA8155}"
EndProject
Project("{FAE04EC0-301F-11D3-BF4B-00C04F79EFBC}") = "LupexWallet.ExchangeRates.Application", "src\Modules\ExchangeRates\ExchangeRates.Application\LupexWallet.ExchangeRates.Application.csproj", "{E33020CE-5AD9-4E48-A7F6-0DB31B352906}"
EndProject
Project("{FAE04EC0-301F-11D3-BF4B-00C04F79EFBC}") = "LupexWallet.ExchangeRates.Infrastructure", "src\Modules\ExchangeRates\ExchangeRates.Infrastructure\LupexWallet.ExchangeRates.Infrastructure.csproj", "{7C6A3407-1F0D-4907-BAB3-F9B5E04772B2}"
EndProject
Project("{FAE04EC0-301F-11D3-BF4B-00C04F79EFBC}") = "LupexWallet.ExchangeRates.Api", "src\Modules\ExchangeRates\ExchangeRates.Api\LupexWallet.ExchangeRates.Api.csproj", "{27980AF3-44FA-4056-A3AF-D65F11F58E7B}"
EndProject
Project("{2150E333-8FDC-42A3-9474-1A3956D46DE8}") = "Audit", "Audit", "{8D22DCC2-8CC8-447B-AB2E-BED408712CB1}"
EndProject
Project("{FAE04EC0-301F-11D3-BF4B-00C04F79EFBC}") = "LupexWallet.Audit.Domain", "src\Modules\Audit\Audit.Domain\LupexWallet.Audit.Domain.csproj", "{9D3E6E1A-2C75-4DD5-8CB1-2F65D767F0FB}"
EndProject
Project("{FAE04EC0-301F-11D3-BF4B-00C04F79EFBC}") = "LupexWallet.Audit.Application", "src\Modules\Audit\Audit.Application\LupexWallet.Audit.Application.csproj", "{0DD6DC95-3344-4498-9595-A3CB80446739}"
EndProject
Project("{FAE04EC0-301F-11D3-BF4B-00C04F79EFBC}") = "LupexWallet.Audit.Infrastructure", "src\Modules\Audit\Audit.Infrastructure\LupexWallet.Audit.Infrastructure.csproj", "{C14D1A5F-84C4-466E-A24A-2398E1BBD050}"
EndProject
Project("{FAE04EC0-301F-11D3-BF4B-00C04F79EFBC}") = "LupexWallet.Audit.Api", "src\Modules\Audit\Audit.Api\LupexWallet.Audit.Api.csproj", "{6AB01FA5-4BEF-43D2-99C9-B62C3E5175BE}"
EndProject
Project("{2150E333-8FDC-42A3-9474-1A3956D46DE8}") = "Reporting", "Reporting", "{5C73DC54-5988-4E28-B74B-E8F12E4931C1}"
EndProject
Project("{FAE04EC0-301F-11D3-BF4B-00C04F79EFBC}") = "LupexWallet.Reporting.Application", "src\Modules\Reporting\Reporting.Application\LupexWallet.Reporting.Application.csproj", "{47548DA6-BD54-4F7E-82BC-B9E3016EC0B1}"
EndProject
Project("{FAE04EC0-301F-11D3-BF4B-00C04F79EFBC}") = "LupexWallet.Reporting.Infrastructure", "src\Modules\Reporting\Reporting.Infrastructure\LupexWallet.Reporting.Infrastructure.csproj", "{B0A6F8D7-38F6-4A16-BFA5-0D187C01E512}"
EndProject
Project("{FAE04EC0-301F-11D3-BF4B-00C04F79EFBC}") = "LupexWallet.Reporting.Api", "src\Modules\Reporting\Reporting.Api\LupexWallet.Reporting.Api.csproj", "{41A0EC1D-D5BE-4CED-BB2F-EAF52105480D}"
EndProject
Project("{2150E333-8FDC-42A3-9474-1A3956D46DE8}") = "Host", "Host", "{C06DCB00-1223-4926-A61D-ED99432D9AA8}"
EndProject
Project("{FAE04EC0-301F-11D3-BF4B-00C04F79EFBC}") = "LupexWallet.Api", "src\Host\LupexWallet.Api\LupexWallet.Api.csproj", "{747ED80E-C1D3-44C1-AFEE-874E0BA41DCF}"
EndProject
Global
	GlobalSection(SolutionConfigurationPlatforms) = preSolution
		Debug|Any CPU = Debug|Any CPU
		Release|Any CPU = Release|Any CPU
	EndGlobalSection
	GlobalSection(SolutionProperties) = preSolution
		HideSolutionNode = FALSE
	EndGlobalSection
	GlobalSection(ProjectConfigurationPlatforms) = postSolution
		{0BA8993F-A20C-4DB8-A5D0-E59EF136AEA0}.Debug|Any CPU.ActiveCfg = Debug|Any CPU
		{0BA8993F-A20C-4DB8-A5D0-E59EF136AEA0}.Debug|Any CPU.Build.0 = Debug|Any CPU
		{0BA8993F-A20C-4DB8-A5D0-E59EF136AEA0}.Release|Any CPU.ActiveCfg = Release|Any CPU
		{0BA8993F-A20C-4DB8-A5D0-E59EF136AEA0}.Release|Any CPU.Build.0 = Release|Any CPU
		{94789283-7873-495D-8DC5-A4394A75E7F0}.Debug|Any CPU.ActiveCfg = Debug|Any CPU
		{94789283-7873-495D-8DC5-A4394A75E7F0}.Debug|Any CPU.Build.0 = Debug|Any CPU
		{94789283-7873-495D-8DC5-A4394A75E7F0}.Release|Any CPU.ActiveCfg = Release|Any CPU
		{94789283-7873-495D-8DC5-A4394A75E7F0}.Release|Any CPU.Build.0 = Release|Any CPU
		{EA604819-889F-4E5C-AD7C-04FD922E588A}.Debug|Any CPU.ActiveCfg = Debug|Any CPU
		{EA604819-889F-4E5C-AD7C-04FD922E588A}.Debug|Any CPU.Build.0 = Debug|Any CPU
		{EA604819-889F-4E5C-AD7C-04FD922E588A}.Release|Any CPU.ActiveCfg = Release|Any CPU
		{EA604819-889F-4E5C-AD7C-04FD922E588A}.Release|Any CPU.Build.0 = Release|Any CPU
		{C9981ABB-5D27-41F8-A01A-FB6B7C70CF0D}.Debug|Any CPU.ActiveCfg = Debug|Any CPU
		{C9981ABB-5D27-41F8-A01A-FB6B7C70CF0D}.Debug|Any CPU.Build.0 = Debug|Any CPU
		{C9981ABB-5D27-41F8-A01A-FB6B7C70CF0D}.Release|Any CPU.ActiveCfg = Release|Any CPU
		{C9981ABB-5D27-41F8-A01A-FB6B7C70CF0D}.Release|Any CPU.Build.0 = Release|Any CPU
		{8456C3D8-AA52-4CEB-B2BA-13BB8E7B07E0}.Debug|Any CPU.ActiveCfg = Debug|Any CPU
		{8456C3D8-AA52-4CEB-B2BA-13BB8E7B07E0}.Debug|Any CPU.Build.0 = Debug|Any CPU
		{8456C3D8-AA52-4CEB-B2BA-13BB8E7B07E0}.Release|Any CPU.ActiveCfg = Release|Any CPU
		{8456C3D8-AA52-4CEB-B2BA-13BB8E7B07E0}.Release|Any CPU.Build.0 = Release|Any CPU
		{FB87B166-EE63-4DD5-9060-2CE29FC42DE8}.Debug|Any CPU.ActiveCfg = Debug|Any CPU
		{FB87B166-EE63-4DD5-9060-2CE29FC42DE8}.Debug|Any CPU.Build.0 = Debug|Any CPU
		{FB87B166-EE63-4DD5-9060-2CE29FC42DE8}.Release|Any CPU.ActiveCfg = Release|Any CPU
		{FB87B166-EE63-4DD5-9060-2CE29FC42DE8}.Release|Any CPU.Build.0 = Release|Any CPU
		{81098512-26E0-4FA3-BAE2-F5EA56443631}.Debug|Any CPU.ActiveCfg = Debug|Any CPU
		{81098512-26E0-4FA3-BAE2-F5EA56443631}.Debug|Any CPU.Build.0 = Debug|Any CPU
		{81098512-26E0-4FA3-BAE2-F5EA56443631}.Release|Any CPU.ActiveCfg = Release|Any CPU
		{81098512-26E0-4FA3-BAE2-F5EA56443631}.Release|Any CPU.Build.0 = Release|Any CPU
		{AF50B014-0087-426B-B654-019514D26133}.Debug|Any CPU.ActiveCfg = Debug|Any CPU
		{AF50B014-0087-426B-B654-019514D26133}.Debug|Any CPU.Build.0 = Debug|Any CPU
		{AF50B014-0087-426B-B654-019514D26133}.Release|Any CPU.ActiveCfg = Release|Any CPU
		{AF50B014-0087-426B-B654-019514D26133}.Release|Any CPU.Build.0 = Release|Any CPU
		{0F55D90F-5B79-4418-8BA6-111F0D23EC6D}.Debug|Any CPU.ActiveCfg = Debug|Any CPU
		{0F55D90F-5B79-4418-8BA6-111F0D23EC6D}.Debug|Any CPU.Build.0 = Debug|Any CPU
		{0F55D90F-5B79-4418-8BA6-111F0D23EC6D}.Release|Any CPU.ActiveCfg = Release|Any CPU
		{0F55D90F-5B79-4418-8BA6-111F0D23EC6D}.Release|Any CPU.Build.0 = Release|Any CPU
		{54A8B8E9-BF43-469F-A990-59E25BCDF45F}.Debug|Any CPU.ActiveCfg = Debug|Any CPU
		{54A8B8E9-BF43-469F-A990-59E25BCDF45F}.Debug|Any CPU.Build.0 = Debug|Any CPU
		{54A8B8E9-BF43-469F-A990-59E25BCDF45F}.Release|Any CPU.ActiveCfg = Release|Any CPU
		{54A8B8E9-BF43-469F-A990-59E25BCDF45F}.Release|Any CPU.Build.0 = Release|Any CPU
		{9440874F-EF65-4F2C-930A-475EA12FBC76}.Debug|Any CPU.ActiveCfg = Debug|Any CPU
		{9440874F-EF65-4F2C-930A-475EA12FBC76}.Debug|Any CPU.Build.0 = Debug|Any CPU
		{9440874F-EF65-4F2C-930A-475EA12FBC76}.Release|Any CPU.ActiveCfg = Release|Any CPU
		{9440874F-EF65-4F2C-930A-475EA12FBC76}.Release|Any CPU.Build.0 = Release|Any CPU
		{F203E0BA-0DA9-4140-B387-3E7877646422}.Debug|Any CPU.ActiveCfg = Debug|Any CPU
		{F203E0BA-0DA9-4140-B387-3E7877646422}.Debug|Any CPU.Build.0 = Debug|Any CPU
		{F203E0BA-0DA9-4140-B387-3E7877646422}.Release|Any CPU.ActiveCfg = Release|Any CPU
		{F203E0BA-0DA9-4140-B387-3E7877646422}.Release|Any CPU.Build.0 = Release|Any CPU
		{EBC511D3-64B5-420D-B856-F1B9A8E30989}.Debug|Any CPU.ActiveCfg = Debug|Any CPU
		{EBC511D3-64B5-420D-B856-F1B9A8E30989}.Debug|Any CPU.Build.0 = Debug|Any CPU
		{EBC511D3-64B5-420D-B856-F1B9A8E30989}.Release|Any CPU.ActiveCfg = Release|Any CPU
		{EBC511D3-64B5-420D-B856-F1B9A8E30989}.Release|Any CPU.Build.0 = Release|Any CPU
		{0FDCDDAF-4651-44BE-B0F2-2AABFA04B014}.Debug|Any CPU.ActiveCfg = Debug|Any CPU
		{0FDCDDAF-4651-44BE-B0F2-2AABFA04B014}.Debug|Any CPU.Build.0 = Debug|Any CPU
		{0FDCDDAF-4651-44BE-B0F2-2AABFA04B014}.Release|Any CPU.ActiveCfg = Release|Any CPU
		{0FDCDDAF-4651-44BE-B0F2-2AABFA04B014}.Release|Any CPU.Build.0 = Release|Any CPU
		{569CDA17-6DA4-436E-B010-FE1671EF1655}.Debug|Any CPU.ActiveCfg = Debug|Any CPU
		{569CDA17-6DA4-436E-B010-FE1671EF1655}.Debug|Any CPU.Build.0 = Debug|Any CPU
		{569CDA17-6DA4-436E-B010-FE1671EF1655}.Release|Any CPU.ActiveCfg = Release|Any CPU
		{569CDA17-6DA4-436E-B010-FE1671EF1655}.Release|Any CPU.Build.0 = Release|Any CPU
		{79A98005-1208-47B6-8331-DA1241EEECF9}.Debug|Any CPU.ActiveCfg = Debug|Any CPU
		{79A98005-1208-47B6-8331-DA1241EEECF9}.Debug|Any CPU.Build.0 = Debug|Any CPU
		{79A98005-1208-47B6-8331-DA1241EEECF9}.Release|Any CPU.ActiveCfg = Release|Any CPU
		{79A98005-1208-47B6-8331-DA1241EEECF9}.Release|Any CPU.Build.0 = Release|Any CPU
		{73BE10DB-E4B8-4826-B090-DBB006785191}.Debug|Any CPU.ActiveCfg = Debug|Any CPU
		{73BE10DB-E4B8-4826-B090-DBB006785191}.Debug|Any CPU.Build.0 = Debug|Any CPU
		{73BE10DB-E4B8-4826-B090-DBB006785191}.Release|Any CPU.ActiveCfg = Release|Any CPU
		{73BE10DB-E4B8-4826-B090-DBB006785191}.Release|Any CPU.Build.0 = Release|Any CPU
		{F36E07A6-C8F1-4739-A08E-600D40C621A3}.Debug|Any CPU.ActiveCfg = Debug|Any CPU
		{F36E07A6-C8F1-4739-A08E-600D40C621A3}.Debug|Any CPU.Build.0 = Debug|Any CPU
		{F36E07A6-C8F1-4739-A08E-600D40C621A3}.Release|Any CPU.ActiveCfg = Release|Any CPU
		{F36E07A6-C8F1-4739-A08E-600D40C621A3}.Release|Any CPU.Build.0 = Release|Any CPU
		{62E75720-BAC7-4E82-9972-D1799DDA8155}.Debug|Any CPU.ActiveCfg = Debug|Any CPU
		{62E75720-BAC7-4E82-9972-D1799DDA8155}.Debug|Any CPU.Build.0 = Debug|Any CPU
		{62E75720-BAC7-4E82-9972-D1799DDA8155}.Release|Any CPU.ActiveCfg = Release|Any CPU
		{62E75720-BAC7-4E82-9972-D1799DDA8155}.Release|Any CPU.Build.0 = Release|Any CPU
		{E33020CE-5AD9-4E48-A7F6-0DB31B352906}.Debug|Any CPU.ActiveCfg = Debug|Any CPU
		{E33020CE-5AD9-4E48-A7F6-0DB31B352906}.Debug|Any CPU.Build.0 = Debug|Any CPU
		{E33020CE-5AD9-4E48-A7F6-0DB31B352906}.Release|Any CPU.ActiveCfg = Release|Any CPU
		{E33020CE-5AD9-4E48-A7F6-0DB31B352906}.Release|Any CPU.Build.0 = Release|Any CPU
		{7C6A3407-1F0D-4907-BAB3-F9B5E04772B2}.Debug|Any CPU.ActiveCfg = Debug|Any CPU
		{7C6A3407-1F0D-4907-BAB3-F9B5E04772B2}.Debug|Any CPU.Build.0 = Debug|Any CPU
		{7C6A3407-1F0D-4907-BAB3-F9B5E04772B2}.Release|Any CPU.ActiveCfg = Release|Any CPU
		{7C6A3407-1F0D-4907-BAB3-F9B5E04772B2}.Release|Any CPU.Build.0 = Release|Any CPU
		{27980AF3-44FA-4056-A3AF-D65F11F58E7B}.Debug|Any CPU.ActiveCfg = Debug|Any CPU
		{27980AF3-44FA-4056-A3AF-D65F11F58E7B}.Debug|Any CPU.Build.0 = Debug|Any CPU
		{27980AF3-44FA-4056-A3AF-D65F11F58E7B}.Release|Any CPU.ActiveCfg = Release|Any CPU
		{27980AF3-44FA-4056-A3AF-D65F11F58E7B}.Release|Any CPU.Build.0 = Release|Any CPU
		{9D3E6E1A-2C75-4DD5-8CB1-2F65D767F0FB}.Debug|Any CPU.ActiveCfg = Debug|Any CPU
		{9D3E6E1A-2C75-4DD5-8CB1-2F65D767F0FB}.Debug|Any CPU.Build.0 = Debug|Any CPU
		{9D3E6E1A-2C75-4DD5-8CB1-2F65D767F0FB}.Release|Any CPU.ActiveCfg = Release|Any CPU
		{9D3E6E1A-2C75-4DD5-8CB1-2F65D767F0FB}.Release|Any CPU.Build.0 = Release|Any CPU
		{0DD6DC95-3344-4498-9595-A3CB80446739}.Debug|Any CPU.ActiveCfg = Debug|Any CPU
		{0DD6DC95-3344-4498-9595-A3CB80446739}.Debug|Any CPU.Build.0 = Debug|Any CPU
		{0DD6DC95-3344-4498-9595-A3CB80446739}.Release|Any CPU.ActiveCfg = Release|Any CPU
		{0DD6DC95-3344-4498-9595-A3CB80446739}.Release|Any CPU.Build.0 = Release|Any CPU
		{C14D1A5F-84C4-466E-A24A-2398E1BBD050}.Debug|Any CPU.ActiveCfg = Debug|Any CPU
		{C14D1A5F-84C4-466E-A24A-2398E1BBD050}.Debug|Any CPU.Build.0 = Debug|Any CPU
		{C14D1A5F-84C4-466E-A24A-2398E1BBD050}.Release|Any CPU.ActiveCfg = Release|Any CPU
		{C14D1A5F-84C4-466E-A24A-2398E1BBD050}.Release|Any CPU.Build.0 = Release|Any CPU
		{6AB01FA5-4BEF-43D2-99C9-B62C3E5175BE}.Debug|Any CPU.ActiveCfg = Debug|Any CPU
		{6AB01FA5-4BEF-43D2-99C9-B62C3E5175BE}.Debug|Any CPU.Build.0 = Debug|Any CPU
		{6AB01FA5-4BEF-43D2-99C9-B62C3E5175BE}.Release|Any CPU.ActiveCfg = Release|Any CPU
		{6AB01FA5-4BEF-43D2-99C9-B62C3E5175BE}.Release|Any CPU.Build.0 = Release|Any CPU
		{47548DA6-BD54-4F7E-82BC-B9E3016EC0B1}.Debug|Any CPU.ActiveCfg = Debug|Any CPU
		{47548DA6-BD54-4F7E-82BC-B9E3016EC0B1}.Debug|Any CPU.Build.0 = Debug|Any CPU
		{47548DA6-BD54-4F7E-82BC-B9E3016EC0B1}.Release|Any CPU.ActiveCfg = Release|Any CPU
		{47548DA6-BD54-4F7E-82BC-B9E3016EC0B1}.Release|Any CPU.Build.0 = Release|Any CPU
		{B0A6F8D7-38F6-4A16-BFA5-0D187C01E512}.Debug|Any CPU.ActiveCfg = Debug|Any CPU
		{B0A6F8D7-38F6-4A16-BFA5-0D187C01E512}.Debug|Any CPU.Build.0 = Debug|Any CPU
		{B0A6F8D7-38F6-4A16-BFA5-0D187C01E512}.Release|Any CPU.ActiveCfg = Release|Any CPU
		{B0A6F8D7-38F6-4A16-BFA5-0D187C01E512}.Release|Any CPU.Build.0 = Release|Any CPU
		{41A0EC1D-D5BE-4CED-BB2F-EAF52105480D}.Debug|Any CPU.ActiveCfg = Debug|Any CPU
		{41A0EC1D-D5BE-4CED-BB2F-EAF52105480D}.Debug|Any CPU.Build.0 = Debug|Any CPU
		{41A0EC1D-D5BE-4CED-BB2F-EAF52105480D}.Release|Any CPU.ActiveCfg = Release|Any CPU
		{41A0EC1D-D5BE-4CED-BB2F-EAF52105480D}.Release|Any CPU.Build.0 = Release|Any CPU
		{747ED80E-C1D3-44C1-AFEE-874E0BA41DCF}.Debug|Any CPU.ActiveCfg = Debug|Any CPU
		{747ED80E-C1D3-44C1-AFEE-874E0BA41DCF}.Debug|Any CPU.Build.0 = Debug|Any CPU
		{747ED80E-C1D3-44C1-AFEE-874E0BA41DCF}.Release|Any CPU.ActiveCfg = Release|Any CPU
		{747ED80E-C1D3-44C1-AFEE-874E0BA41DCF}.Release|Any CPU.Build.0 = Release|Any CPU
	EndGlobalSection
	GlobalSection(NestedProjects) = preSolution
		{CAA9C09D-FA22-4E13-B751-685AA4840302} = {D2A7CBC0-C3E0-49DD-AB95-1BAB48A9327D}
		{0BA8993F-A20C-4DB8-A5D0-E59EF136AEA0} = {CAA9C09D-FA22-4E13-B751-685AA4840302}
		{94789283-7873-495D-8DC5-A4394A75E7F0} = {CAA9C09D-FA22-4E13-B751-685AA4840302}
		{72AEA395-1919-4805-9160-A630A7D2BBFB} = {D2A7CBC0-C3E0-49DD-AB95-1BAB48A9327D}
		{33D015BF-D7EB-428E-BFA1-67A76083B373} = {72AEA395-1919-4805-9160-A630A7D2BBFB}
		{EA604819-889F-4E5C-AD7C-04FD922E588A} = {33D015BF-D7EB-428E-BFA1-67A76083B373}
		{C9981ABB-5D27-41F8-A01A-FB6B7C70CF0D} = {33D015BF-D7EB-428E-BFA1-67A76083B373}
		{8456C3D8-AA52-4CEB-B2BA-13BB8E7B07E0} = {33D015BF-D7EB-428E-BFA1-67A76083B373}
		{FB87B166-EE63-4DD5-9060-2CE29FC42DE8} = {33D015BF-D7EB-428E-BFA1-67A76083B373}
		{DF1A33ED-476C-4DE5-BC59-77ECCD231BFE} = {72AEA395-1919-4805-9160-A630A7D2BBFB}
		{81098512-26E0-4FA3-BAE2-F5EA56443631} = {DF1A33ED-476C-4DE5-BC59-77ECCD231BFE}
		{AF50B014-0087-426B-B654-019514D26133} = {DF1A33ED-476C-4DE5-BC59-77ECCD231BFE}
		{0F55D90F-5B79-4418-8BA6-111F0D23EC6D} = {DF1A33ED-476C-4DE5-BC59-77ECCD231BFE}
		{54A8B8E9-BF43-469F-A990-59E25BCDF45F} = {DF1A33ED-476C-4DE5-BC59-77ECCD231BFE}
		{DAE82F8E-B026-4710-ABCE-871C8E86FD6E} = {72AEA395-1919-4805-9160-A630A7D2BBFB}
		{9440874F-EF65-4F2C-930A-475EA12FBC76} = {DAE82F8E-B026-4710-ABCE-871C8E86FD6E}
		{F203E0BA-0DA9-4140-B387-3E7877646422} = {DAE82F8E-B026-4710-ABCE-871C8E86FD6E}
		{EBC511D3-64B5-420D-B856-F1B9A8E30989} = {DAE82F8E-B026-4710-ABCE-871C8E86FD6E}
		{0FDCDDAF-4651-44BE-B0F2-2AABFA04B014} = {DAE82F8E-B026-4710-ABCE-871C8E86FD6E}
		{1DD14185-4FAE-49C6-85E0-4D6A27E81C62} = {72AEA395-1919-4805-9160-A630A7D2BBFB}
		{569CDA17-6DA4-436E-B010-FE1671EF1655} = {1DD14185-4FAE-49C6-85E0-4D6A27E81C62}
		{79A98005-1208-47B6-8331-DA1241EEECF9} = {1DD14185-4FAE-49C6-85E0-4D6A27E81C62}
		{73BE10DB-E4B8-4826-B090-DBB006785191} = {1DD14185-4FAE-49C6-85E0-4D6A27E81C62}
		{F36E07A6-C8F1-4739-A08E-600D40C621A3} = {1DD14185-4FAE-49C6-85E0-4D6A27E81C62}
		{9530C0D1-097E-4D32-BF80-2492EDE2E602} = {72AEA395-1919-4805-9160-A630A7D2BBFB}
		{62E75720-BAC7-4E82-9972-D1799DDA8155} = {9530C0D1-097E-4D32-BF80-2492EDE2E602}
		{E33020CE-5AD9-4E48-A7F6-0DB31B352906} = {9530C0D1-097E-4D32-BF80-2492EDE2E602}
		{7C6A3407-1F0D-4907-BAB3-F9B5E04772B2} = {9530C0D1-097E-4D32-BF80-2492EDE2E602}
		{27980AF3-44FA-4056-A3AF-D65F11F58E7B} = {9530C0D1-097E-4D32-BF80-2492EDE2E602}
		{8D22DCC2-8CC8-447B-AB2E-BED408712CB1} = {72AEA395-1919-4805-9160-A630A7D2BBFB}
		{9D3E6E1A-2C75-4DD5-8CB1-2F65D767F0FB} = {8D22DCC2-8CC8-447B-AB2E-BED408712CB1}
		{0DD6DC95-3344-4498-9595-A3CB80446739} = {8D22DCC2-8CC8-447B-AB2E-BED408712CB1}
		{C14D1A5F-84C4-466E-A24A-2398E1BBD050} = {8D22DCC2-8CC8-447B-AB2E-BED408712CB1}
		{6AB01FA5-4BEF-43D2-99C9-B62C3E5175BE} = {8D22DCC2-8CC8-447B-AB2E-BED408712CB1}
		{5C73DC54-5988-4E28-B74B-E8F12E4931C1} = {72AEA395-1919-4805-9160-A630A7D2BBFB}
		{47548DA6-BD54-4F7E-82BC-B9E3016EC0B1} = {5C73DC54-5988-4E28-B74B-E8F12E4931C1}
		{B0A6F8D7-38F6-4A16-BFA5-0D187C01E512} = {5C73DC54-5988-4E28-B74B-E8F12E4931C1}
		{41A0EC1D-D5BE-4CED-BB2F-EAF52105480D} = {5C73DC54-5988-4E28-B74B-E8F12E4931C1}
		{C06DCB00-1223-4926-A61D-ED99432D9AA8} = {D2A7CBC0-C3E0-49DD-AB95-1BAB48A9327D}
		{747ED80E-C1D3-44C1-AFEE-874E0BA41DCF} = {C06DCB00-1223-4926-A61D-ED99432D9AA8}
	EndGlobalSection
EndGlobal
